
Microsoft Visual Studio Solution File, Format Version 12.00
# Visual Studio Version 17
VisualStudioVersion = 17.8.34525.116
MinimumVisualStudioVersion = 10.0.40219.1
Project("{FAE04EC0-301F-11D3-BF4B-00C04F79EFBC}") = "ConstraintRoute", "ConstraintRoute\ConstraintRoute.csproj", "{26038DEF-F557-4395-9153-1EE50C6B5C62}"
EndProject
Global
	GlobalSection(SolutionConfigurationPlatforms) = preSolution
		Debug|Any CPU = Debug|Any CPU
		Release|Any CPU = Release|Any CPU
	EndGlobalSection
	GlobalSection(ProjectConfigurationPlatforms) = postSolution
		{26038DEF-F557-4395-9153-1EE50C6B5C62}.Debug|Any CPU.ActiveCfg = Debug|Any CPU
		{26038DEF-F557-4395-9153-1EE50C6B5C62}.Debug|Any CPU.Build.0 = Debug|Any CPU
		{26038DEF-F557-4395-9153-1EE50C6B5C62}.Release|Any CPU.ActiveCfg = Release|Any CPU
		{26038DEF-F557-4395-9153-1EE50C6B5C62}.Release|Any CPU.Build.0 = Release|Any CPU
	EndGlobalSection
	GlobalSection(SolutionProperties) = preSolution
		HideSolutionNode = FALSE
	EndGlobalSection
	GlobalSection(ExtensibilityGlobals) = postSolution
		SolutionGuid = {978BAEBD-A85F-4308-BEE2-96457E679E51}
	EndGlobalSection
EndGlobal
