
Microsoft Visual Studio Solution File, Format Version 12.00
# Visual Studio Version 17
VisualStudioVersion = 17.8.34525.116
MinimumVisualStudioVersion = 10.0.40219.1
Project("{FAE04EC0-301F-11D3-BF4B-00C04F79EFBC}") = "APIControllers", "APIControllers\APIControllers.csproj", "{633BB2B6-24B1-4AC9-A926-1D32F428931E}"
EndProject
Project("{FAE04EC0-301F-11D3-BF4B-00C04F79EFBC}") = "APIConsume", "APIConsume\APIConsume.csproj", "{77448325-FBB5-40A2-909E-EEF07F391D74}"
EndProject
Global
	GlobalSection(SolutionConfigurationPlatforms) = preSolution
		Debug|Any CPU = Debug|Any CPU
		Release|Any CPU = Release|Any CPU
	EndGlobalSection
	GlobalSection(ProjectConfigurationPlatforms) = postSolution
		{633BB2B6-24B1-4AC9-A926-1D32F428931E}.Debug|Any CPU.ActiveCfg = Debug|Any CPU
		{633BB2B6-24B1-4AC9-A926-1D32F428931E}.Debug|Any CPU.Build.0 = Debug|Any CPU
		{633BB2B6-24B1-4AC9-A926-1D32F428931E}.Release|Any CPU.ActiveCfg = Release|Any CPU
		{633BB2B6-24B1-4AC9-A926-1D32F428931E}.Release|Any CPU.Build.0 = Release|Any CPU
		{77448325-FBB5-40A2-909E-EEF07F391D74}.Debug|Any CPU.ActiveCfg = Debug|Any CPU
		{77448325-FBB5-40A2-909E-EEF07F391D74}.Debug|Any CPU.Build.0 = Debug|Any CPU
		{77448325-FBB5-40A2-909E-EEF07F391D74}.Release|Any CPU.ActiveCfg = Release|Any CPU
		{77448325-FBB5-40A2-909E-EEF07F391D74}.Release|Any CPU.Build.0 = Release|Any CPU
	EndGlobalSection
	GlobalSection(SolutionProperties) = preSolution
		HideSolutionNode = FALSE
	EndGlobalSection
	GlobalSection(ExtensibilityGlobals) = postSolution
		SolutionGuid = {843E5A77-B0AA-4218-8241-4FF89005B53A}
	EndGlobalSection
EndGlobal
