
Microsoft Visual Studio Solution File, Format Version 12.00
# Visual Studio Version 17
VisualStudioVersion = 17.8.34511.84
MinimumVisualStudioVersion = 10.0.40219.1
Project("{FAE04EC0-301F-11D3-BF4B-00C04F79EFBC}") = "FirstApp", "FirstApp\FirstApp.csproj", "{444D4A19-A1D5-4CF9-A563-BBDDB6401193}"
EndProject
Global
	GlobalSection(SolutionConfigurationPlatforms) = preSolution
		Debug|Any CPU = Debug|Any CPU
		Release|Any CPU = Release|Any CPU
	EndGlobalSection
	GlobalSection(ProjectConfigurationPlatforms) = postSolution
		{444D4A19-A1D5-4CF9-A563-BBDDB6401193}.Debug|Any CPU.ActiveCfg = Debug|Any CPU
		{444D4A19-A1D5-4CF9-A563-BBDDB6401193}.Debug|Any CPU.Build.0 = Debug|Any CPU
		{444D4A19-A1D5-4CF9-A563-BBDDB6401193}.Release|Any CPU.ActiveCfg = Release|Any CPU
		{444D4A19-A1D5-4CF9-A563-BBDDB6401193}.Release|Any CPU.Build.0 = Release|Any CPU
	EndGlobalSection
	GlobalSection(SolutionProperties) = preSolution
		HideSolutionNode = FALSE
	EndGlobalSection
	GlobalSection(ExtensibilityGlobals) = postSolution
		SolutionGuid = {49B2C591-AA2D-4A70-A4D2-C759F67B8899}
	EndGlobalSection
EndGlobal
