
Microsoft Visual Studio Solution File, Format Version 12.00
# Visual Studio Version 17
VisualStudioVersion = 17.9.34728.123
MinimumVisualStudioVersion = 10.0.40219.1
Project("{FAE04EC0-301F-11D3-BF4B-00C04F79EFBC}") = "GloLoc", "GloLoc\GloLoc.csproj", "{589ABAB8-2501-40B1-8DCD-0CA5567A56B9}"
EndProject
Global
	GlobalSection(SolutionConfigurationPlatforms) = preSolution
		Debug|Any CPU = Debug|Any CPU
		Release|Any CPU = Release|Any CPU
	EndGlobalSection
	GlobalSection(ProjectConfigurationPlatforms) = postSolution
		{589ABAB8-2501-40B1-8DCD-0CA5567A56B9}.Debug|Any CPU.ActiveCfg = Debug|Any CPU
		{589ABAB8-2501-40B1-8DCD-0CA5567A56B9}.Debug|Any CPU.Build.0 = Debug|Any CPU
		{589ABAB8-2501-40B1-8DCD-0CA5567A56B9}.Release|Any CPU.ActiveCfg = Release|Any CPU
		{589ABAB8-2501-40B1-8DCD-0CA5567A56B9}.Release|Any CPU.Build.0 = Release|Any CPU
	EndGlobalSection
	GlobalSection(SolutionProperties) = preSolution
		HideSolutionNode = FALSE
	EndGlobalSection
	GlobalSection(ExtensibilityGlobals) = postSolution
		SolutionGuid = {53C2C944-0EEE-4CCA-BF0A-345B755A69F0}
	EndGlobalSection
EndGlobal
