
Microsoft Visual Studio Solution File, Format Version 12.00
# Visual Studio Version 17
VisualStudioVersion = 17.9.34728.123
MinimumVisualStudioVersion = 10.0.40219.1
Project("{FAE04EC0-301F-11D3-BF4B-00C04F79EFBC}") = "SqliteConsoleApp", "SqliteConsoleApp\SqliteConsoleApp.csproj", "{D3517D41-BA62-414E-8029-14AC03C226CF}"
EndProject
Global
	GlobalSection(SolutionConfigurationPlatforms) = preSolution
		Debug|Any CPU = Debug|Any CPU
		Release|Any CPU = Release|Any CPU
	EndGlobalSection
	GlobalSection(ProjectConfigurationPlatforms) = postSolution
		{D3517D41-BA62-414E-8029-14AC03C226CF}.Debug|Any CPU.ActiveCfg = Debug|Any CPU
		{D3517D41-BA62-414E-8029-14AC03C226CF}.Debug|Any CPU.Build.0 = Debug|Any CPU
		{D3517D41-BA62-414E-8029-14AC03C226CF}.Release|Any CPU.ActiveCfg = Release|Any CPU
		{D3517D41-BA62-414E-8029-14AC03C226CF}.Release|Any CPU.Build.0 = Release|Any CPU
	EndGlobalSection
	GlobalSection(SolutionProperties) = preSolution
		HideSolutionNode = FALSE
	EndGlobalSection
	GlobalSection(ExtensibilityGlobals) = postSolution
		SolutionGuid = {B784A592-E78F-4721-BBDF-E444C2F5511E}
	EndGlobalSection
EndGlobal
